
Microsoft Visual Studio Solution File, Format Version 12.00
# Visual Studio Version 17
VisualStudioVersion = 17.8.34525.116
MinimumVisualStudioVersion = 10.0.40219.1
Project("{9A19103F-16F7-4668-BE54-9A1E7A4F7556}") = "SentirseBien", "SentirseBien\SentirseBien.csproj", "{B747AFCA-36D3-45C8-BC6C-7F61BF8B927E}"
EndProject
Project("{2150E333-8FDC-42A3-9474-1A3956D46DE8}") = "Elementos de la solución", "Elementos de la solución", "{4A36C06A-8E43-4945-877C-31C241288B86}"
EndProject
Global
	GlobalSection(SolutionConfigurationPlatforms) = preSolution
		Debug|Any CPU = Debug|Any CPU
		Release|Any CPU = Release|Any CPU
	EndGlobalSection
	GlobalSection(ProjectConfigurationPlatforms) = postSolution
		{B747AFCA-36D3-45C8-BC6C-7F61BF8B927E}.Debug|Any CPU.ActiveCfg = Debug|Any CPU
		{B747AFCA-36D3-45C8-BC6C-7F61BF8B927E}.Debug|Any CPU.Build.0 = Debug|Any CPU
		{B747AFCA-36D3-45C8-BC6C-7F61BF8B927E}.Release|Any CPU.ActiveCfg = Release|Any CPU
		{B747AFCA-36D3-45C8-BC6C-7F61BF8B927E}.Release|Any CPU.Build.0 = Release|Any CPU
	EndGlobalSection
	GlobalSection(SolutionProperties) = preSolution
		HideSolutionNode = FALSE
	EndGlobalSection
	GlobalSection(ExtensibilityGlobals) = postSolution
		SolutionGuid = {CC999CE4-2724-4120-B09D-DBD51C18D3E3}
	EndGlobalSection
EndGlobal
